
Microsoft Visual Studio Solution File, Format Version 12.00
Project("{FAE04EC0-301F-11D3-BF4B-00C04F79EFBC}") = "JokeBot.App", "JokeBot.App\JokeBot.App.csproj", "{16AC06D2-1B81-4F1A-B9BA-ECE90F1E21DF}"
EndProject
Global
	GlobalSection(SolutionConfigurationPlatforms) = preSolution
		Debug|Any CPU = Debug|Any CPU
		Release|Any CPU = Release|Any CPU
	EndGlobalSection
	GlobalSection(ProjectConfigurationPlatforms) = postSolution
		{16AC06D2-1B81-4F1A-B9BA-ECE90F1E21DF}.Debug|Any CPU.ActiveCfg = Debug|Any CPU
		{16AC06D2-1B81-4F1A-B9BA-ECE90F1E21DF}.Debug|Any CPU.Build.0 = Debug|Any CPU
		{16AC06D2-1B81-4F1A-B9BA-ECE90F1E21DF}.Release|Any CPU.ActiveCfg = Release|Any CPU
		{16AC06D2-1B81-4F1A-B9BA-ECE90F1E21DF}.Release|Any CPU.Build.0 = Release|Any CPU
	EndGlobalSection
EndGlobal
